// !$*UTF8*$!
{
	archiveVersion = 1;
	classes = {
	};
	objectVersion = 55;
	objects = {

/* Begin PBXBuildFile section */
		C2A8E457293DEFB00071EA16 /* AppDelegate.swift in Sources */ = {isa = PBXBuildFile; fileRef = C2A8E456293DEFB00071EA16 /* AppDelegate.swift */; };
		C2A8E459293DEFB00071EA16 /* SceneDelegate.swift in Sources */ = {isa = PBXBuildFile; fileRef = C2A8E458293DEFB00071EA16 /* SceneDelegate.swift */; };
		C2A8E45B293DEFB00071EA16 /* HomeViewController.swift in Sources */ = {isa = PBXBuildFile; fileRef = C2A8E45A293DEFB00071EA16 /* HomeViewController.swift */; };
		C2A8E45E293DEFB00071EA16 /* Main.storyboard in Resources */ = {isa = PBXBuildFile; fileRef = C2A8E45C293DEFB00071EA16 /* Main.storyboard */; };
		C2A8E461293DEFB00071EA16 /* hateGramm.xcdatamodeld in Sources */ = {isa = PBXBuildFile; fileRef = C2A8E45F293DEFB00071EA16 /* hateGramm.xcdatamodeld */; };
		C2A8E463293DEFB10071EA16 /* Assets.xcassets in Resources */ = {isa = PBXBuildFile; fileRef = C2A8E462293DEFB10071EA16 /* Assets.xcassets */; };
		C2A8E466293DEFB10071EA16 /* LaunchScreen.storyboard in Resources */ = {isa = PBXBuildFile; fileRef = C2A8E464293DEFB10071EA16 /* LaunchScreen.storyboard */; };
		C2A8E496293DFCFA0071EA16 /* ExploreViewController.swift in Sources */ = {isa = PBXBuildFile; fileRef = C2A8E495293DFCFA0071EA16 /* ExploreViewController.swift */; };
		C2A8E499293DFD360071EA16 /* CameraViewController.swift in Sources */ = {isa = PBXBuildFile; fileRef = C2A8E498293DFD360071EA16 /* CameraViewController.swift */; };
		C2A8E49B293DFD570071EA16 /* NotificationViewController.swift in Sources */ = {isa = PBXBuildFile; fileRef = C2A8E49A293DFD570071EA16 /* NotificationViewController.swift */; };
		C2A8E49D293DFD700071EA16 /* ProfileViewController.swift in Sources */ = {isa = PBXBuildFile; fileRef = C2A8E49C293DFD700071EA16 /* ProfileViewController.swift */; };
		C2A8E4A2293DFEAF0071EA16 /* LoginViewController.swift in Sources */ = {isa = PBXBuildFile; fileRef = C2A8E4A1293DFEAF0071EA16 /* LoginViewController.swift */; };
		C2A8E4A4293DFEBA0071EA16 /* RegistrationViewController.swift in Sources */ = {isa = PBXBuildFile; fileRef = C2A8E4A3293DFEBA0071EA16 /* RegistrationViewController.swift */; };
		C2A8E4A6293DFEDD0071EA16 /* PostViewController.swift in Sources */ = {isa = PBXBuildFile; fileRef = C2A8E4A5293DFEDD0071EA16 /* PostViewController.swift */; };
		C2A8E4A8293DFF0E0071EA16 /* EditingViewController.swift in Sources */ = {isa = PBXBuildFile; fileRef = C2A8E4A7293DFF0E0071EA16 /* EditingViewController.swift */; };
		C2A8E4AA293DFF1B0071EA16 /* SettingsViewController.swift in Sources */ = {isa = PBXBuildFile; fileRef = C2A8E4A9293DFF1B0071EA16 /* SettingsViewController.swift */; };
		C2A8E4AC293DFF320071EA16 /* ListViewController.swift in Sources */ = {isa = PBXBuildFile; fileRef = C2A8E4AB293DFF320071EA16 /* ListViewController.swift */; };
		C2A8E4AE293DFF540071EA16 /* SearchViewController.swift in Sources */ = {isa = PBXBuildFile; fileRef = C2A8E4AD293DFF540071EA16 /* SearchViewController.swift */; };
		C2A8E4B0293DFF620071EA16 /* SearchResultViewController.swift in Sources */ = {isa = PBXBuildFile; fileRef = C2A8E4AF293DFF620071EA16 /* SearchResultViewController.swift */; };
		C2A8E4B2293DFF9E0071EA16 /* PostEditingViewController.swift in Sources */ = {isa = PBXBuildFile; fileRef = C2A8E4B1293DFF9E0071EA16 /* PostEditingViewController.swift */; };
		C2A8E4B4293DFFA60071EA16 /* PublishPostViewController.swift in Sources */ = {isa = PBXBuildFile; fileRef = C2A8E4B3293DFFA60071EA16 /* PublishPostViewController.swift */; };
/* End PBXBuildFile section */

/* Begin PBXFileReference section */
		C2A8E453293DEFB00071EA16 /* hateGramm.app */ = {isa = PBXFileReference; explicitFileType = wrapper.application; includeInIndex = 0; path = hateGramm.app; sourceTree = BUILT_PRODUCTS_DIR; };
		C2A8E456293DEFB00071EA16 /* AppDelegate.swift */ = {isa = PBXFileReference; lastKnownFileType = sourcecode.swift; path = AppDelegate.swift; sourceTree = "<group>"; };
		C2A8E458293DEFB00071EA16 /* SceneDelegate.swift */ = {isa = PBXFileReference; lastKnownFileType = sourcecode.swift; path = SceneDelegate.swift; sourceTree = "<group>"; };
		C2A8E45A293DEFB00071EA16 /* HomeViewController.swift */ = {isa = PBXFileReference; lastKnownFileType = sourcecode.swift; path = HomeViewController.swift; sourceTree = "<group>"; };
		C2A8E45D293DEFB00071EA16 /* Base */ = {isa = PBXFileReference; lastKnownFileType = file.storyboard; name = Base; path = Base.lproj/Main.storyboard; sourceTree = "<group>"; };
		C2A8E460293DEFB00071EA16 /* hateGramm.xcdatamodel */ = {isa = PBXFileReference; lastKnownFileType = wrapper.xcdatamodel; path = hateGramm.xcdatamodel; sourceTree = "<group>"; };
		C2A8E462293DEFB10071EA16 /* Assets.xcassets */ = {isa = PBXFileReference; lastKnownFileType = folder.assetcatalog; path = Assets.xcassets; sourceTree = "<group>"; };
		C2A8E465293DEFB10071EA16 /* Base */ = {isa = PBXFileReference; lastKnownFileType = file.storyboard; name = Base; path = Base.lproj/LaunchScreen.storyboard; sourceTree = "<group>"; };
		C2A8E467293DEFB10071EA16 /* Info.plist */ = {isa = PBXFileReference; lastKnownFileType = text.plist.xml; path = Info.plist; sourceTree = "<group>"; };
		C2A8E495293DFCFA0071EA16 /* ExploreViewController.swift */ = {isa = PBXFileReference; lastKnownFileType = sourcecode.swift; path = ExploreViewController.swift; sourceTree = "<group>"; };
		C2A8E498293DFD360071EA16 /* CameraViewController.swift */ = {isa = PBXFileReference; lastKnownFileType = sourcecode.swift; path = CameraViewController.swift; sourceTree = "<group>"; };
		C2A8E49A293DFD570071EA16 /* NotificationViewController.swift */ = {isa = PBXFileReference; lastKnownFileType = sourcecode.swift; path = NotificationViewController.swift; sourceTree = "<group>"; };
		C2A8E49C293DFD700071EA16 /* ProfileViewController.swift */ = {isa = PBXFileReference; lastKnownFileType = sourcecode.swift; path = ProfileViewController.swift; sourceTree = "<group>"; };
		C2A8E4A1293DFEAF0071EA16 /* LoginViewController.swift */ = {isa = PBXFileReference; lastKnownFileType = sourcecode.swift; path = LoginViewController.swift; sourceTree = "<group>"; };
		C2A8E4A3293DFEBA0071EA16 /* RegistrationViewController.swift */ = {isa = PBXFileReference; lastKnownFileType = sourcecode.swift; path = RegistrationViewController.swift; sourceTree = "<group>"; };
		C2A8E4A5293DFEDD0071EA16 /* PostViewController.swift */ = {isa = PBXFileReference; lastKnownFileType = sourcecode.swift; path = PostViewController.swift; sourceTree = "<group>"; };
		C2A8E4A7293DFF0E0071EA16 /* EditingViewController.swift */ = {isa = PBXFileReference; lastKnownFileType = sourcecode.swift; path = EditingViewController.swift; sourceTree = "<group>"; };
		C2A8E4A9293DFF1B0071EA16 /* SettingsViewController.swift */ = {isa = PBXFileReference; lastKnownFileType = sourcecode.swift; path = SettingsViewController.swift; sourceTree = "<group>"; };
		C2A8E4AB293DFF320071EA16 /* ListViewController.swift */ = {isa = PBXFileReference; lastKnownFileType = sourcecode.swift; path = ListViewController.swift; sourceTree = "<group>"; };
		C2A8E4AD293DFF540071EA16 /* SearchViewController.swift */ = {isa = PBXFileReference; lastKnownFileType = sourcecode.swift; path = SearchViewController.swift; sourceTree = "<group>"; };
		C2A8E4AF293DFF620071EA16 /* SearchResultViewController.swift */ = {isa = PBXFileReference; lastKnownFileType = sourcecode.swift; path = SearchResultViewController.swift; sourceTree = "<group>"; };
		C2A8E4B1293DFF9E0071EA16 /* PostEditingViewController.swift */ = {isa = PBXFileReference; lastKnownFileType = sourcecode.swift; path = PostEditingViewController.swift; sourceTree = "<group>"; };
		C2A8E4B3293DFFA60071EA16 /* PublishPostViewController.swift */ = {isa = PBXFileReference; lastKnownFileType = sourcecode.swift; path = PublishPostViewController.swift; sourceTree = "<group>"; };
/* End PBXFileReference section */

/* Begin PBXFrameworksBuildPhase section */
		C2A8E450293DEFB00071EA16 /* Frameworks */ = {
			isa = PBXFrameworksBuildPhase;
			buildActionMask = 2147483647;
			files = (
			);
			runOnlyForDeploymentPostprocessing = 0;
		};
/* End PBXFrameworksBuildPhase section */

/* Begin PBXGroup section */
		C2A8E44A293DEFB00071EA16 = {
			isa = PBXGroup;
			children = (
				C2A8E455293DEFB00071EA16 /* hateGramm */,
				C2A8E454293DEFB00071EA16 /* Products */,
			);
			sourceTree = "<group>";
		};
		C2A8E454293DEFB00071EA16 /* Products */ = {
			isa = PBXGroup;
			children = (
				C2A8E453293DEFB00071EA16 /* hateGramm.app */,
			);
			name = Products;
			sourceTree = "<group>";
		};
		C2A8E455293DEFB00071EA16 /* hateGramm */ = {
			isa = PBXGroup;
			children = (
				C2A8E491293DFBE50071EA16 /* Models */,
				C2A8E492293DFBEB0071EA16 /* Views */,
				C2A8E490293DFBD70071EA16 /* Controllers */,
				C2A8E493293DFC000071EA16 /* Resources */,
				C2A8E467293DEFB10071EA16 /* Info.plist */,
				C2A8E45F293DEFB00071EA16 /* hateGramm.xcdatamodeld */,
			);
			path = hateGramm;
			sourceTree = "<group>";
		};
		C2A8E490293DFBD70071EA16 /* Controllers */ = {
			isa = PBXGroup;
			children = (
				C2A8E49F293DFE870071EA16 /* Other */,
				C2A8E49E293DFE540071EA16 /* Core Tabs */,
			);
			path = Controllers;
			sourceTree = "<group>";
		};
		C2A8E491293DFBE50071EA16 /* Models */ = {
			isa = PBXGroup;
			children = (
			);
			path = Models;
			sourceTree = "<group>";
		};
		C2A8E492293DFBEB0071EA16 /* Views */ = {
			isa = PBXGroup;
			children = (
				C2A8E494293DFC610071EA16 /* StorieBoard */,
				C2A8E462293DEFB10071EA16 /* Assets.xcassets */,
			);
			path = Views;
			sourceTree = "<group>";
		};
		C2A8E493293DFC000071EA16 /* Resources */ = {
			isa = PBXGroup;
			children = (
				C2A8E456293DEFB00071EA16 /* AppDelegate.swift */,
				C2A8E458293DEFB00071EA16 /* SceneDelegate.swift */,
			);
			path = Resources;
			sourceTree = "<group>";
		};
		C2A8E494293DFC610071EA16 /* StorieBoard */ = {
			isa = PBXGroup;
			children = (
				C2A8E45C293DEFB00071EA16 /* Main.storyboard */,
				C2A8E464293DEFB10071EA16 /* LaunchScreen.storyboard */,
			);
			path = StorieBoard;
			sourceTree = "<group>";
		};
		C2A8E49E293DFE540071EA16 /* Core Tabs */ = {
			isa = PBXGroup;
			children = (
				C2A8E45A293DEFB00071EA16 /* HomeViewController.swift */,
				C2A8E495293DFCFA0071EA16 /* ExploreViewController.swift */,
				C2A8E498293DFD360071EA16 /* CameraViewController.swift */,
				C2A8E49A293DFD570071EA16 /* NotificationViewController.swift */,
				C2A8E49C293DFD700071EA16 /* ProfileViewController.swift */,
			);
			path = "Core Tabs";
			sourceTree = "<group>";
		};
		C2A8E49F293DFE870071EA16 /* Other */ = {
			isa = PBXGroup;
			children = (
				C2A8E4A0293DFE8C0071EA16 /* Onboarding */,
				C2A8E4A5293DFEDD0071EA16 /* PostViewController.swift */,
				C2A8E4A7293DFF0E0071EA16 /* EditingViewController.swift */,
				C2A8E4A9293DFF1B0071EA16 /* SettingsViewController.swift */,
				C2A8E4AB293DFF320071EA16 /* ListViewController.swift */,
				C2A8E4AD293DFF540071EA16 /* SearchViewController.swift */,
				C2A8E4AF293DFF620071EA16 /* SearchResultViewController.swift */,
				C2A8E4B1293DFF9E0071EA16 /* PostEditingViewController.swift */,
				C2A8E4B3293DFFA60071EA16 /* PublishPostViewController.swift */,
			);
			path = Other;
			sourceTree = "<group>";
		};
		C2A8E4A0293DFE8C0071EA16 /* Onboarding */ = {
			isa = PBXGroup;
			children = (
				C2A8E4A1293DFEAF0071EA16 /* LoginViewController.swift */,
				C2A8E4A3293DFEBA0071EA16 /* RegistrationViewController.swift */,
			);
			path = Onboarding;
			sourceTree = "<group>";
		};
/* End PBXGroup section */

/* Begin PBXNativeTarget section */
		C2A8E452293DEFB00071EA16 /* hateGramm */ = {
			isa = PBXNativeTarget;
			buildConfigurationList = C2A8E46A293DEFB10071EA16 /* Build configuration list for PBXNativeTarget "hateGramm" */;
			buildPhases = (
				C2A8E44F293DEFB00071EA16 /* Sources */,
				C2A8E450293DEFB00071EA16 /* Frameworks */,
				C2A8E451293DEFB00071EA16 /* Resources */,
			);
			buildRules = (
			);
			dependencies = (
			);
			name = hateGramm;
			productName = hateGramm;
			productReference = C2A8E453293DEFB00071EA16 /* hateGramm.app */;
			productType = "com.apple.product-type.application";
		};
/* End PBXNativeTarget section */

/* Begin PBXProject section */
		C2A8E44B293DEFB00071EA16 /* Project object */ = {
			isa = PBXProject;
			attributes = {
				BuildIndependentTargetsInParallel = 1;
				LastSwiftUpdateCheck = 1340;
				LastUpgradeCheck = 1340;
				TargetAttributes = {
					C2A8E452293DEFB00071EA16 = {
						CreatedOnToolsVersion = 13.4.1;
					};
				};
			};
			buildConfigurationList = C2A8E44E293DEFB00071EA16 /* Build configuration list for PBXProject "hateGramm" */;
			compatibilityVersion = "Xcode 13.0";
			developmentRegion = en;
			hasScannedForEncodings = 0;
			knownRegions = (
				en,
				Base,
			);
			mainGroup = C2A8E44A293DEFB00071EA16;
			productRefGroup = C2A8E454293DEFB00071EA16 /* Products */;
			projectDirPath = "";
			projectRoot = "";
			targets = (
				C2A8E452293DEFB00071EA16 /* hateGramm */,
			);
		};
/* End PBXProject section */

/* Begin PBXResourcesBuildPhase section */
		C2A8E451293DEFB00071EA16 /* Resources */ = {
			isa = PBXResourcesBuildPhase;
			buildActionMask = 2147483647;
			files = (
				C2A8E466293DEFB10071EA16 /* LaunchScreen.storyboard in Resources */,
				C2A8E463293DEFB10071EA16 /* Assets.xcassets in Resources */,
				C2A8E45E293DEFB00071EA16 /* Main.storyboard in Resources */,
			);
			runOnlyForDeploymentPostprocessing = 0;
		};
/* End PBXResourcesBuildPhase section */

/* Begin PBXSourcesBuildPhase section */
		C2A8E44F293DEFB00071EA16 /* Sources */ = {
			isa = PBXSourcesBuildPhase;
			buildActionMask = 2147483647;
			files = (
				C2A8E4AE293DFF540071EA16 /* SearchViewController.swift in Sources */,
				C2A8E4A2293DFEAF0071EA16 /* LoginViewController.swift in Sources */,
				C2A8E4A8293DFF0E0071EA16 /* EditingViewController.swift in Sources */,
				C2A8E4B2293DFF9E0071EA16 /* PostEditingViewController.swift in Sources */,
				C2A8E461293DEFB00071EA16 /* hateGramm.xcdatamodeld in Sources */,
				C2A8E45B293DEFB00071EA16 /* HomeViewController.swift in Sources */,
				C2A8E496293DFCFA0071EA16 /* ExploreViewController.swift in Sources */,
				C2A8E4A4293DFEBA0071EA16 /* RegistrationViewController.swift in Sources */,
				C2A8E4AC293DFF320071EA16 /* ListViewController.swift in Sources */,
				C2A8E49B293DFD570071EA16 /* NotificationViewController.swift in Sources */,
				C2A8E4B4293DFFA60071EA16 /* PublishPostViewController.swift in Sources */,
				C2A8E457293DEFB00071EA16 /* AppDelegate.swift in Sources */,
				C2A8E459293DEFB00071EA16 /* SceneDelegate.swift in Sources */,
				C2A8E49D293DFD700071EA16 /* ProfileViewController.swift in Sources */,
				C2A8E4AA293DFF1B0071EA16 /* SettingsViewController.swift in Sources */,
				C2A8E499293DFD360071EA16 /* CameraViewController.swift in Sources */,
				C2A8E4B0293DFF620071EA16 /* SearchResultViewController.swift in Sources */,
				C2A8E4A6293DFEDD0071EA16 /* PostViewController.swift in Sources */,
			);
			runOnlyForDeploymentPostprocessing = 0;
		};
/* End PBXSourcesBuildPhase section */

/* Begin PBXVariantGroup section */
		C2A8E45C293DEFB00071EA16 /* Main.storyboard */ = {
			isa = PBXVariantGroup;
			children = (
				C2A8E45D293DEFB00071EA16 /* Base */,
			);
			name = Main.storyboard;
			sourceTree = "<group>";
		};
		C2A8E464293DEFB10071EA16 /* LaunchScreen.storyboard */ = {
			isa = PBXVariantGroup;
			children = (
				C2A8E465293DEFB10071EA16 /* Base */,
			);
			name = LaunchScreen.storyboard;
			sourceTree = "<group>";
		};
/* End PBXVariantGroup section */

/* Begin XCBuildConfiguration section */
		C2A8E468293DEFB10071EA16 /* Debug */ = {
			isa = XCBuildConfiguration;
			buildSettings = {
				ALWAYS_SEARCH_USER_PATHS = NO;
				CLANG_ANALYZER_NONNULL = YES;
				CLANG_ANALYZER_NUMBER_OBJECT_CONVERSION = YES_AGGRESSIVE;
				CLANG_CXX_LANGUAGE_STANDARD = "gnu++17";
				CLANG_ENABLE_MODULES = YES;
				CLANG_ENABLE_OBJC_ARC = YES;
				CLANG_ENABLE_OBJC_WEAK = YES;
				CLANG_WARN_BLOCK_CAPTURE_AUTORELEASING = YES;
				CLANG_WARN_BOOL_CONVERSION = YES;
				CLANG_WARN_COMMA = YES;
				CLANG_WARN_CONSTANT_CONVERSION = YES;
				CLANG_WARN_DEPRECATED_OBJC_IMPLEMENTATIONS = YES;
				CLANG_WARN_DIRECT_OBJC_ISA_USAGE = YES_ERROR;
				CLANG_WARN_DOCUMENTATION_COMMENTS = YES;
				CLANG_WARN_EMPTY_BODY = YES;
				CLANG_WARN_ENUM_CONVERSION = YES;
				CLANG_WARN_INFINITE_RECURSION = YES;
				CLANG_WARN_INT_CONVERSION = YES;
				CLANG_WARN_NON_LITERAL_NULL_CONVERSION = YES;
				CLANG_WARN_OBJC_IMPLICIT_RETAIN_SELF = YES;
				CLANG_WARN_OBJC_LITERAL_CONVERSION = YES;
				CLANG_WARN_OBJC_ROOT_CLASS = YES_ERROR;
				CLANG_WARN_QUOTED_INCLUDE_IN_FRAMEWORK_HEADER = YES;
				CLANG_WARN_RANGE_LOOP_ANALYSIS = YES;
				CLANG_WARN_STRICT_PROTOTYPES = YES;
				CLANG_WARN_SUSPICIOUS_MOVE = YES;
				CLANG_WARN_UNGUARDED_AVAILABILITY = YES_AGGRESSIVE;
				CLANG_WARN_UNREACHABLE_CODE = YES;
				CLANG_WARN__DUPLICATE_METHOD_MATCH = YES;
				COPY_PHASE_STRIP = NO;
				DEBUG_INFORMATION_FORMAT = dwarf;
				ENABLE_STRICT_OBJC_MSGSEND = YES;
				ENABLE_TESTABILITY = YES;
				GCC_C_LANGUAGE_STANDARD = gnu11;
				GCC_DYNAMIC_NO_PIC = NO;
				GCC_NO_COMMON_BLOCKS = YES;
				GCC_OPTIMIZATION_LEVEL = 0;
				GCC_PREPROCESSOR_DEFINITIONS = (
					"DEBUG=1",
					"$(inherited)",
				);
				GCC_WARN_64_TO_32_BIT_CONVERSION = YES;
				GCC_WARN_ABOUT_RETURN_TYPE = YES_ERROR;
				GCC_WARN_UNDECLARED_SELECTOR = YES;
				GCC_WARN_UNINITIALIZED_AUTOS = YES_AGGRESSIVE;
				GCC_WARN_UNUSED_FUNCTION = YES;
				GCC_WARN_UNUSED_VARIABLE = YES;
				IPHONEOS_DEPLOYMENT_TARGET = 15.5;
				MTL_ENABLE_DEBUG_INFO = INCLUDE_SOURCE;
				MTL_FAST_MATH = YES;
				ONLY_ACTIVE_ARCH = YES;
				SDKROOT = iphoneos;
				SWIFT_ACTIVE_COMPILATION_CONDITIONS = DEBUG;
				SWIFT_OPTIMIZATION_LEVEL = "-Onone";
			};
			name = Debug;
		};
		C2A8E469293DEFB10071EA16 /* Release */ = {
			isa = XCBuildConfiguration;
			buildSettings = {
				ALWAYS_SEARCH_USER_PATHS = NO;
				CLANG_ANALYZER_NONNULL = YES;
				CLANG_ANALYZER_NUMBER_OBJECT_CONVERSION = YES_AGGRESSIVE;
				CLANG_CXX_LANGUAGE_STANDARD = "gnu++17";
				CLANG_ENABLE_MODULES = YES;
				CLANG_ENABLE_OBJC_ARC = YES;
				CLANG_ENABLE_OBJC_WEAK = YES;
				CLANG_WARN_BLOCK_CAPTURE_AUTORELEASING = YES;
				CLANG_WARN_BOOL_CONVERSION = YES;
				CLANG_WARN_COMMA = YES;
				CLANG_WARN_CONSTANT_CONVERSION = YES;
				CLANG_WARN_DEPRECATED_OBJC_IMPLEMENTATIONS = YES;
				CLANG_WARN_DIRECT_OBJC_ISA_USAGE = YES_ERROR;
				CLANG_WARN_DOCUMENTATION_COMMENTS = YES;
				CLANG_WARN_EMPTY_BODY = YES;
				CLANG_WARN_ENUM_CONVERSION = YES;
				CLANG_WARN_INFINITE_RECURSION = YES;
				CLANG_WARN_INT_CONVERSION = YES;
				CLANG_WARN_NON_LITERAL_NULL_CONVERSION = YES;
				CLANG_WARN_OBJC_IMPLICIT_RETAIN_SELF = YES;
				CLANG_WARN_OBJC_LITERAL_CONVERSION = YES;
				CLANG_WARN_OBJC_ROOT_CLASS = YES_ERROR;
				CLANG_WARN_QUOTED_INCLUDE_IN_FRAMEWORK_HEADER = YES;
				CLANG_WARN_RANGE_LOOP_ANALYSIS = YES;
				CLANG_WARN_STRICT_PROTOTYPES = YES;
				CLANG_WARN_SUSPICIOUS_MOVE = YES;
				CLANG_WARN_UNGUARDED_AVAILABILITY = YES_AGGRESSIVE;
				CLANG_WARN_UNREACHABLE_CODE = YES;
				CLANG_WARN__DUPLICATE_METHOD_MATCH = YES;
				COPY_PHASE_STRIP = NO;
				DEBUG_INFORMATION_FORMAT = "dwarf-with-dsym";
				ENABLE_NS_ASSERTIONS = NO;
				ENABLE_STRICT_OBJC_MSGSEND = YES;
				GCC_C_LANGUAGE_STANDARD = gnu11;
				GCC_NO_COMMON_BLOCKS = YES;
				GCC_WARN_64_TO_32_BIT_CONVERSION = YES;
				GCC_WARN_ABOUT_RETURN_TYPE = YES_ERROR;
				GCC_WARN_UNDECLARED_SELECTOR = YES;
				GCC_WARN_UNINITIALIZED_AUTOS = YES_AGGRESSIVE;
				GCC_WARN_UNUSED_FUNCTION = YES;
				GCC_WARN_UNUSED_VARIABLE = YES;
				IPHONEOS_DEPLOYMENT_TARGET = 15.5;
				MTL_ENABLE_DEBUG_INFO = NO;
				MTL_FAST_MATH = YES;
				SDKROOT = iphoneos;
				SWIFT_COMPILATION_MODE = wholemodule;
				SWIFT_OPTIMIZATION_LEVEL = "-O";
				VALIDATE_PRODUCT = YES;
			};
			name = Release;
		};
		C2A8E46B293DEFB10071EA16 /* Debug */ = {
			isa = XCBuildConfiguration;
			buildSettings = {
				ASSETCATALOG_COMPILER_APPICON_NAME = AppIcon;
				ASSETCATALOG_COMPILER_GLOBAL_ACCENT_COLOR_NAME = AccentColor;
				CODE_SIGN_STYLE = Automatic;
				CURRENT_PROJECT_VERSION = 1;
				DEVELOPMENT_TEAM = 4JPR2TDZ73;
				GENERATE_INFOPLIST_FILE = YES;
				INFOPLIST_FILE = hateGramm/Info.plist;
				INFOPLIST_KEY_UIApplicationSupportsIndirectInputEvents = YES;
				INFOPLIST_KEY_UILaunchStoryboardName = LaunchScreen;
				INFOPLIST_KEY_UIMainStoryboardFile = Main;
				INFOPLIST_KEY_UISupportedInterfaceOrientations_iPad = "UIInterfaceOrientationPortrait UIInterfaceOrientationPortraitUpsideDown UIInterfaceOrientationLandscapeLeft UIInterfaceOrientationLandscapeRight";
				INFOPLIST_KEY_UISupportedInterfaceOrientations_iPhone = "UIInterfaceOrientationPortrait UIInterfaceOrientationLandscapeLeft UIInterfaceOrientationLandscapeRight";
				LD_RUNPATH_SEARCH_PATHS = (
					"$(inherited)",
					"@executable_path/Frameworks",
				);
				MARKETING_VERSION = 1.0;
				PRODUCT_BUNDLE_IDENTIFIER = com.overpowerpwnd.hateGramm;
				PRODUCT_NAME = "$(TARGET_NAME)";
				SWIFT_EMIT_LOC_STRINGS = YES;
				SWIFT_VERSION = 5.0;
				TARGETED_DEVICE_FAMILY = "1,2";
			};
			name = Debug;
		};
		C2A8E46C293DEFB10071EA16 /* Release */ = {
			isa = XCBuildConfiguration;
			buildSettings = {
				ASSETCATALOG_COMPILER_APPICON_NAME = AppIcon;
				ASSETCATALOG_COMPILER_GLOBAL_ACCENT_COLOR_NAME = AccentColor;
				CODE_SIGN_STYLE = Automatic;
				CURRENT_PROJECT_VERSION = 1;
				DEVELOPMENT_TEAM = 4JPR2TDZ73;
				GENERATE_INFOPLIST_FILE = YES;
				INFOPLIST_FILE = hateGramm/Info.plist;
				INFOPLIST_KEY_UIApplicationSupportsIndirectInputEvents = YES;
				INFOPLIST_KEY_UILaunchStoryboardName = LaunchScreen;
				INFOPLIST_KEY_UIMainStoryboardFile = Main;
				INFOPLIST_KEY_UISupportedInterfaceOrientations_iPad = "UIInterfaceOrientationPortrait UIInterfaceOrientationPortraitUpsideDown UIInterfaceOrientationLandscapeLeft UIInterfaceOrientationLandscapeRight";
				INFOPLIST_KEY_UISupportedInterfaceOrientations_iPhone = "UIInterfaceOrientationPortrait UIInterfaceOrientationLandscapeLeft UIInterfaceOrientationLandscapeRight";
				LD_RUNPATH_SEARCH_PATHS = (
					"$(inherited)",
					"@executable_path/Frameworks",
				);
				MARKETING_VERSION = 1.0;
				PRODUCT_BUNDLE_IDENTIFIER = com.overpowerpwnd.hateGramm;
				PRODUCT_NAME = "$(TARGET_NAME)";
				SWIFT_EMIT_LOC_STRINGS = YES;
				SWIFT_VERSION = 5.0;
				TARGETED_DEVICE_FAMILY = "1,2";
			};
			name = Release;
		};
/* End XCBuildConfiguration section */

/* Begin XCConfigurationList section */
		C2A8E44E293DEFB00071EA16 /* Build configuration list for PBXProject "hateGramm" */ = {
			isa = XCConfigurationList;
			buildConfigurations = (
				C2A8E468293DEFB10071EA16 /* Debug */,
				C2A8E469293DEFB10071EA16 /* Release */,
			);
			defaultConfigurationIsVisible = 0;
			defaultConfigurationName = Release;
		};
		C2A8E46A293DEFB10071EA16 /* Build configuration list for PBXNativeTarget "hateGramm" */ = {
			isa = XCConfigurationList;
			buildConfigurations = (
				C2A8E46B293DEFB10071EA16 /* Debug */,
				C2A8E46C293DEFB10071EA16 /* Release */,
			);
			defaultConfigurationIsVisible = 0;
			defaultConfigurationName = Release;
		};
/* End XCConfigurationList section */

/* Begin XCVersionGroup section */
		C2A8E45F293DEFB00071EA16 /* hateGramm.xcdatamodeld */ = {
			isa = XCVersionGroup;
			children = (
				C2A8E460293DEFB00071EA16 /* hateGramm.xcdatamodel */,
			);
			currentVersion = C2A8E460293DEFB00071EA16 /* hateGramm.xcdatamodel */;
			path = hateGramm.xcdatamodeld;
			sourceTree = "<group>";
			versionGroupType = wrapper.xcdatamodel;
		};
/* End XCVersionGroup section */
	};
	rootObject = C2A8E44B293DEFB00071EA16 /* Project object */;
}
